
Microsoft Visual Studio Solution File, Format Version 12.00
# Visual Studio Version 16
VisualStudioVersion = 25.0.1703.5
MinimumVisualStudioVersion = 10.0.40219.1
Project("{FAE04EC0-301F-11D3-BF4B-00C04F79EFBC}") = "LeetCode50Exercises", "LeetCode50Exercises\LeetCode50Exercises.csproj", "{845E1062-9EB3-4487-8351-4FA7C36258A3}"
EndProject
Project("{2150E333-8FDC-42A3-9474-1A3956D46DE8}") = "Solution Items", "Solution Items", "{BE486A89-2ECD-4B6F-A95A-8D5699A26C1A}"
EndProject
Global
	GlobalSection(SolutionConfigurationPlatforms) = preSolution
		Debug|Any CPU = Debug|Any CPU
		Release|Any CPU = Release|Any CPU
	EndGlobalSection
	GlobalSection(ProjectConfigurationPlatforms) = postSolution
		{845E1062-9EB3-4487-8351-4FA7C36258A3}.Debug|Any CPU.ActiveCfg = Debug|Any CPU
		{845E1062-9EB3-4487-8351-4FA7C36258A3}.Debug|Any CPU.Build.0 = Debug|Any CPU
		{845E1062-9EB3-4487-8351-4FA7C36258A3}.Release|Any CPU.ActiveCfg = Release|Any CPU
		{845E1062-9EB3-4487-8351-4FA7C36258A3}.Release|Any CPU.Build.0 = Release|Any CPU
	EndGlobalSection
	GlobalSection(SolutionProperties) = preSolution
		HideSolutionNode = FALSE
	EndGlobalSection
	GlobalSection(ExtensibilityGlobals) = postSolution
		SolutionGuid = {F80D9BD0-BAA4-43AC-941C-438ED3066C1B}
	EndGlobalSection
EndGlobal
